
Microsoft Visual Studio Solution File, Format Version 12.00
# Visual Studio Version 17
VisualStudioVersion = 17.1.32328.378
MinimumVisualStudioVersion = 10.0.40219.1
Project("{13B669BE-BB05-4DDF-9536-439F39A36129}") = "PHPAppleStorage_IoT", "PHPAppleStorage_IoT.phpproj", "{C7A759AA-C0DA-42AB-8E4E-D3909392258D}"
EndProject
Global
	GlobalSection(SolutionConfigurationPlatforms) = preSolution
		Debug|Any CPU = Debug|Any CPU
		Release|Any CPU = Release|Any CPU
	EndGlobalSection
	GlobalSection(ProjectConfigurationPlatforms) = postSolution
		{C7A759AA-C0DA-42AB-8E4E-D3909392258D}.Debug|Any CPU.ActiveCfg = Debug|Any CPU
		{C7A759AA-C0DA-42AB-8E4E-D3909392258D}.Debug|Any CPU.Build.0 = Debug|Any CPU
		{C7A759AA-C0DA-42AB-8E4E-D3909392258D}.Release|Any CPU.ActiveCfg = Release|Any CPU
		{C7A759AA-C0DA-42AB-8E4E-D3909392258D}.Release|Any CPU.Build.0 = Release|Any CPU
	EndGlobalSection
	GlobalSection(SolutionProperties) = preSolution
		HideSolutionNode = FALSE
	EndGlobalSection
	GlobalSection(ExtensibilityGlobals) = postSolution
		SolutionGuid = {66EC49C4-E0C8-411A-846B-B48B46328CC3}
	EndGlobalSection
EndGlobal
